// !$*UTF8*$!
{
	archiveVersion = 1;
	classes = {
	};
	objectVersion = 50;
	objects = {

/* Begin PBXBuildFile section */
		930FA1AF21D92DC300CE24A4 /* Storable.swift in Sources */ = {isa = PBXBuildFile; fileRef = 930FA1AE21D92DC300CE24A4 /* Storable.swift */; };
		930FA1B121D9321E00CE24A4 /* RealmSwift.framework in Frameworks */ = {isa = PBXBuildFile; fileRef = 930FA1B021D9321E00CE24A4 /* RealmSwift.framework */; };
		930FA1B321D9322D00CE24A4 /* Realm.framework in Frameworks */ = {isa = PBXBuildFile; fileRef = 930FA1B221D9322D00CE24A4 /* Realm.framework */; };
		930FA1B521D9323800CE24A4 /* BaseDAO.swift in Sources */ = {isa = PBXBuildFile; fileRef = 930FA1B421D9323800CE24A4 /* BaseDAO.swift */; };
		930FA1B721D9325C00CE24A4 /* RMConfiguration.swift in Sources */ = {isa = PBXBuildFile; fileRef = 930FA1B621D9325C00CE24A4 /* RMConfiguration.swift */; };
		930FA1B921D9330E00CE24A4 /* RMWordItem.swift in Sources */ = {isa = PBXBuildFile; fileRef = 930FA1B821D9330E00CE24A4 /* RMWordItem.swift */; };
		930FA1BB21D93B8700CE24A4 /* RMWordItemDAO.swift in Sources */ = {isa = PBXBuildFile; fileRef = 930FA1BA21D93B8700CE24A4 /* RMWordItemDAO.swift */; };
		930FA1BD21D93CC900CE24A4 /* SyncDatabaseUsecase.swift in Sources */ = {isa = PBXBuildFile; fileRef = 930FA1BC21D93CC900CE24A4 /* SyncDatabaseUsecase.swift */; };
		930FA1C121D9FC5200CE24A4 /* FetchLocalWordUsecase.swift in Sources */ = {isa = PBXBuildFile; fileRef = 930FA1C021D9FC5200CE24A4 /* FetchLocalWordUsecase.swift */; };
		930FA1C321DA039600CE24A4 /* Reachability.swift in Sources */ = {isa = PBXBuildFile; fileRef = 930FA1C221DA039600CE24A4 /* Reachability.swift */; };
		930FA1C521DA03AE00CE24A4 /* RxReachability.swift in Sources */ = {isa = PBXBuildFile; fileRef = 930FA1C421DA03AE00CE24A4 /* RxReachability.swift */; };
		930FA1C721DA7EA900CE24A4 /* SaveLocalWordUsecase.swift in Sources */ = {isa = PBXBuildFile; fileRef = 930FA1C621DA7EA900CE24A4 /* SaveLocalWordUsecase.swift */; };
		930FA1C921DA8D3A00CE24A4 /* DeleteLocalWordUsecase.swift in Sources */ = {isa = PBXBuildFile; fileRef = 930FA1C821DA8D3A00CE24A4 /* DeleteLocalWordUsecase.swift */; };
		930FA1CB21DB4BFB00CE24A4 /* UpdateLocalWordUsecase.swift in Sources */ = {isa = PBXBuildFile; fileRef = 930FA1CA21DB4BFB00CE24A4 /* UpdateLocalWordUsecase.swift */; };
		930FA1CD21DB862500CE24A4 /* FetchNumberOfUpdatedWordUsecase.swift in Sources */ = {isa = PBXBuildFile; fileRef = 930FA1CC21DB862500CE24A4 /* FetchNumberOfUpdatedWordUsecase.swift */; };
		930FA1CF21DB87F100CE24A4 /* FetchNumberOfDeletedWordUsecase.swift in Sources */ = {isa = PBXBuildFile; fileRef = 930FA1CE21DB87F100CE24A4 /* FetchNumberOfDeletedWordUsecase.swift */; };
		930FA1E021DF821A00CE24A4 /* Lottie.framework in Frameworks */ = {isa = PBXBuildFile; fileRef = 930FA1DF21DF821A00CE24A4 /* Lottie.framework */; };
		930FA1E421DF879F00CE24A4 /* syncing.json in Resources */ = {isa = PBXBuildFile; fileRef = 930FA1E321DF879F00CE24A4 /* syncing.json */; };
		930FA1E821DF886C00CE24A4 /* SyncAnimationView.swift in Sources */ = {isa = PBXBuildFile; fileRef = 930FA1E721DF886C00CE24A4 /* SyncAnimationView.swift */; };
		930FA1EC21DFC69A00CE24A4 /* FetchLatestSyncTimeUsecase.swift in Sources */ = {isa = PBXBuildFile; fileRef = 930FA1EB21DFC69A00CE24A4 /* FetchLatestSyncTimeUsecase.swift */; };
		930FA1EE21DFC6AC00CE24A4 /* UpdateLatestSyncTimeUsecase.swift in Sources */ = {isa = PBXBuildFile; fileRef = 930FA1ED21DFC6AC00CE24A4 /* UpdateLatestSyncTimeUsecase.swift */; };
		930FA1F021DFD0D500CE24A4 /* Date+Extension.swift in Sources */ = {isa = PBXBuildFile; fileRef = 930FA1EF21DFD0D500CE24A4 /* Date+Extension.swift */; };
		9316016F21E2C239004891C3 /* FetchAllLocalTagsUsecase.swift in Sources */ = {isa = PBXBuildFile; fileRef = 9316016E21E2C239004891C3 /* FetchAllLocalTagsUsecase.swift */; };
		932896A421D677BF00C7CE5C /* ICloudWordItem.swift in Sources */ = {isa = PBXBuildFile; fileRef = 932896A321D677BF00C7CE5C /* ICloudWordItem.swift */; };
		9352D9E521CFFE460031FF15 /* TagItemCell.swift in Sources */ = {isa = PBXBuildFile; fileRef = 9352D9E321CFFE460031FF15 /* TagItemCell.swift */; };
		9352D9E621CFFE460031FF15 /* TagItemCell.xib in Resources */ = {isa = PBXBuildFile; fileRef = 9352D9E421CFFE460031FF15 /* TagItemCell.xib */; };
		9352D9E821CFFED00031FF15 /* TagItem.swift in Sources */ = {isa = PBXBuildFile; fileRef = 9352D9E721CFFED00031FF15 /* TagItem.swift */; };
		9352D9EA21D0018E0031FF15 /* BindableType.swift in Sources */ = {isa = PBXBuildFile; fileRef = 9352D9E921D0018E0031FF15 /* BindableType.swift */; };
		938CEC2721CE5B940035B80A /* AppDelegate.swift in Sources */ = {isa = PBXBuildFile; fileRef = 938CEC2621CE5B940035B80A /* AppDelegate.swift */; };
		938CEC2B21CE5B950035B80A /* Assets.xcassets in Resources */ = {isa = PBXBuildFile; fileRef = 938CEC2A21CE5B950035B80A /* Assets.xcassets */; };
		938CEC3821CE5E790035B80A /* RxSwift.framework in Frameworks */ = {isa = PBXBuildFile; fileRef = 938CEC3721CE5E790035B80A /* RxSwift.framework */; };
		938CEC3A21CE5E840035B80A /* RxCocoa.framework in Frameworks */ = {isa = PBXBuildFile; fileRef = 938CEC3921CE5E840035B80A /* RxCocoa.framework */; };
		938CEC4021CE634A0035B80A /* RootViewController.swift in Sources */ = {isa = PBXBuildFile; fileRef = 938CEC3F21CE634A0035B80A /* RootViewController.swift */; };
		938CEC4221CE63510035B80A /* RootViewModel.swift in Sources */ = {isa = PBXBuildFile; fileRef = 938CEC4121CE63510035B80A /* RootViewModel.swift */; };
		938CEC4421CE638B0035B80A /* Root.storyboard in Resources */ = {isa = PBXBuildFile; fileRef = 938CEC4321CE638B0035B80A /* Root.storyboard */; };
		938CEC4921CE89660035B80A /* IocContainer.swift in Sources */ = {isa = PBXBuildFile; fileRef = 938CEC4821CE89660035B80A /* IocContainer.swift */; };
		938CEC4C21CEB01D0035B80A /* NSColor+Extension.swift in Sources */ = {isa = PBXBuildFile; fileRef = 938CEC4B21CEB01D0035B80A /* NSColor+Extension.swift */; };
		938CEC4D21CEB0FD0035B80A /* RxAtomic.framework in Frameworks */ = {isa = PBXBuildFile; fileRef = 938CEC3C21CE5FFE0035B80A /* RxAtomic.framework */; };
		938CEC5021CFF0620035B80A /* Home.storyboard in Resources */ = {isa = PBXBuildFile; fileRef = 938CEC4F21CFF0620035B80A /* Home.storyboard */; };
		938CEC5421CFF0790035B80A /* HomeViewController.swift in Sources */ = {isa = PBXBuildFile; fileRef = 938CEC5321CFF0790035B80A /* HomeViewController.swift */; };
		938CEC5621CFF0810035B80A /* HomeViewModel.swift in Sources */ = {isa = PBXBuildFile; fileRef = 938CEC5521CFF0810035B80A /* HomeViewModel.swift */; };
		93B9850121FE15FF004ABFD2 /* FetchTotalLocalWordCountUsecase.swift in Sources */ = {isa = PBXBuildFile; fileRef = 93B9850021FE15FF004ABFD2 /* FetchTotalLocalWordCountUsecase.swift */; };
		93CE782221EB867E00A54B04 /* Quize.storyboard in Resources */ = {isa = PBXBuildFile; fileRef = 93CE782121EB867E00A54B04 /* Quize.storyboard */; };
		93CE782421EB877300A54B04 /* QuizeViewController.swift in Sources */ = {isa = PBXBuildFile; fileRef = 93CE782321EB877300A54B04 /* QuizeViewController.swift */; };
		93CE782621EB87CC00A54B04 /* QuizeViewModel.swift in Sources */ = {isa = PBXBuildFile; fileRef = 93CE782521EB87CC00A54B04 /* QuizeViewModel.swift */; };
		93EE701B21D116CB00728013 /* LeftAlignFlowLayout.swift in Sources */ = {isa = PBXBuildFile; fileRef = 93EE701A21D116CB00728013 /* LeftAlignFlowLayout.swift */; };
		93EE702021D1272800728013 /* NSFont+Extension.swift in Sources */ = {isa = PBXBuildFile; fileRef = 93EE701F21D1272800728013 /* NSFont+Extension.swift */; };
		93EE702221D1312A00728013 /* NSView+Extension.swift in Sources */ = {isa = PBXBuildFile; fileRef = 93EE702121D1312A00728013 /* NSView+Extension.swift */; };
		93EE702421D3440700728013 /* ObservableType+Extension.swift in Sources */ = {isa = PBXBuildFile; fileRef = 93EE702321D3440700728013 /* ObservableType+Extension.swift */; };
		93EE702621D354A700728013 /* CloudKit.framework in Frameworks */ = {isa = PBXBuildFile; fileRef = 93EE702521D354A700728013 /* CloudKit.framework */; };
		93EE702821D3577F00728013 /* FetchRemoteWordUsecase.swift in Sources */ = {isa = PBXBuildFile; fileRef = 93EE702721D3577F00728013 /* FetchRemoteWordUsecase.swift */; };
		93EE702B21D357BE00728013 /* WordItem.swift in Sources */ = {isa = PBXBuildFile; fileRef = 93EE702A21D357BE00728013 /* WordItem.swift */; };
		93EE702E21D3599300728013 /* WordICloudRepository.swift in Sources */ = {isa = PBXBuildFile; fileRef = 93EE702D21D3599300728013 /* WordICloudRepository.swift */; };
		93EE703121D3867700728013 /* WordItemCell.swift in Sources */ = {isa = PBXBuildFile; fileRef = 93EE702F21D3867700728013 /* WordItemCell.swift */; };
		93EE703221D3867700728013 /* WordItemCell.xib in Resources */ = {isa = PBXBuildFile; fileRef = 93EE703021D3867700728013 /* WordItemCell.xib */; };
		93EE703421D5336B00728013 /* SaveRemoteWordUsecase.swift in Sources */ = {isa = PBXBuildFile; fileRef = 93EE703321D5336B00728013 /* SaveRemoteWordUsecase.swift */; };
		93EE703621D540E000728013 /* WordRepositoryProtocol.swift in Sources */ = {isa = PBXBuildFile; fileRef = 93EE703521D540E000728013 /* WordRepositoryProtocol.swift */; };
/* End PBXBuildFile section */

/* Begin PBXFileReference section */
		930FA1AE21D92DC300CE24A4 /* Storable.swift */ = {isa = PBXFileReference; lastKnownFileType = sourcecode.swift; path = Storable.swift; sourceTree = "<group>"; };
		930FA1B021D9321E00CE24A4 /* RealmSwift.framework */ = {isa = PBXFileReference; lastKnownFileType = wrapper.framework; name = RealmSwift.framework; path = Carthage/Build/Mac/RealmSwift.framework; sourceTree = "<group>"; };
		930FA1B221D9322D00CE24A4 /* Realm.framework */ = {isa = PBXFileReference; lastKnownFileType = wrapper.framework; name = Realm.framework; path = Carthage/Build/Mac/Realm.framework; sourceTree = "<group>"; };
		930FA1B421D9323800CE24A4 /* BaseDAO.swift */ = {isa = PBXFileReference; lastKnownFileType = sourcecode.swift; path = BaseDAO.swift; sourceTree = "<group>"; };
		930FA1B621D9325C00CE24A4 /* RMConfiguration.swift */ = {isa = PBXFileReference; lastKnownFileType = sourcecode.swift; path = RMConfiguration.swift; sourceTree = "<group>"; };
		930FA1B821D9330E00CE24A4 /* RMWordItem.swift */ = {isa = PBXFileReference; lastKnownFileType = sourcecode.swift; path = RMWordItem.swift; sourceTree = "<group>"; };
		930FA1BA21D93B8700CE24A4 /* RMWordItemDAO.swift */ = {isa = PBXFileReference; lastKnownFileType = sourcecode.swift; path = RMWordItemDAO.swift; sourceTree = "<group>"; };
		930FA1BC21D93CC900CE24A4 /* SyncDatabaseUsecase.swift */ = {isa = PBXFileReference; lastKnownFileType = sourcecode.swift; name = SyncDatabaseUsecase.swift; path = Retriever/Usecase/SyncUsecase/SyncDatabaseUsecase.swift; sourceTree = SOURCE_ROOT; };
		930FA1C021D9FC5200CE24A4 /* FetchLocalWordUsecase.swift */ = {isa = PBXFileReference; lastKnownFileType = sourcecode.swift; path = FetchLocalWordUsecase.swift; sourceTree = "<group>"; };
		930FA1C221DA039600CE24A4 /* Reachability.swift */ = {isa = PBXFileReference; lastKnownFileType = sourcecode.swift; path = Reachability.swift; sourceTree = "<group>"; };
		930FA1C421DA03AE00CE24A4 /* RxReachability.swift */ = {isa = PBXFileReference; lastKnownFileType = sourcecode.swift; path = RxReachability.swift; sourceTree = "<group>"; };
		930FA1C621DA7EA900CE24A4 /* SaveLocalWordUsecase.swift */ = {isa = PBXFileReference; lastKnownFileType = sourcecode.swift; path = SaveLocalWordUsecase.swift; sourceTree = "<group>"; };
		930FA1C821DA8D3A00CE24A4 /* DeleteLocalWordUsecase.swift */ = {isa = PBXFileReference; lastKnownFileType = sourcecode.swift; path = DeleteLocalWordUsecase.swift; sourceTree = "<group>"; };
		930FA1CA21DB4BFB00CE24A4 /* UpdateLocalWordUsecase.swift */ = {isa = PBXFileReference; lastKnownFileType = sourcecode.swift; path = UpdateLocalWordUsecase.swift; sourceTree = "<group>"; };
		930FA1CC21DB862500CE24A4 /* FetchNumberOfUpdatedWordUsecase.swift */ = {isa = PBXFileReference; lastKnownFileType = sourcecode.swift; path = FetchNumberOfUpdatedWordUsecase.swift; sourceTree = "<group>"; };
		930FA1CE21DB87F100CE24A4 /* FetchNumberOfDeletedWordUsecase.swift */ = {isa = PBXFileReference; lastKnownFileType = sourcecode.swift; path = FetchNumberOfDeletedWordUsecase.swift; sourceTree = "<group>"; };
		930FA1DF21DF821A00CE24A4 /* Lottie.framework */ = {isa = PBXFileReference; lastKnownFileType = wrapper.framework; name = Lottie.framework; path = Carthage/Build/Mac/Lottie.framework; sourceTree = "<group>"; };
		930FA1E321DF879F00CE24A4 /* syncing.json */ = {isa = PBXFileReference; fileEncoding = 4; lastKnownFileType = text.json; path = syncing.json; sourceTree = "<group>"; };
		930FA1E721DF886C00CE24A4 /* SyncAnimationView.swift */ = {isa = PBXFileReference; lastKnownFileType = sourcecode.swift; path = SyncAnimationView.swift; sourceTree = "<group>"; };
		930FA1EB21DFC69A00CE24A4 /* FetchLatestSyncTimeUsecase.swift */ = {isa = PBXFileReference; lastKnownFileType = sourcecode.swift; path = FetchLatestSyncTimeUsecase.swift; sourceTree = "<group>"; };
		930FA1ED21DFC6AC00CE24A4 /* UpdateLatestSyncTimeUsecase.swift */ = {isa = PBXFileReference; lastKnownFileType = sourcecode.swift; path = UpdateLatestSyncTimeUsecase.swift; sourceTree = "<group>"; };
		930FA1EF21DFD0D500CE24A4 /* Date+Extension.swift */ = {isa = PBXFileReference; lastKnownFileType = sourcecode.swift; path = "Date+Extension.swift"; sourceTree = "<group>"; };
		9316016E21E2C239004891C3 /* FetchAllLocalTagsUsecase.swift */ = {isa = PBXFileReference; lastKnownFileType = sourcecode.swift; path = FetchAllLocalTagsUsecase.swift; sourceTree = "<group>"; };
		932896A321D677BF00C7CE5C /* ICloudWordItem.swift */ = {isa = PBXFileReference; lastKnownFileType = sourcecode.swift; path = ICloudWordItem.swift; sourceTree = "<group>"; };
		9352D9E321CFFE460031FF15 /* TagItemCell.swift */ = {isa = PBXFileReference; lastKnownFileType = sourcecode.swift; path = TagItemCell.swift; sourceTree = "<group>"; };
		9352D9E421CFFE460031FF15 /* TagItemCell.xib */ = {isa = PBXFileReference; lastKnownFileType = file.xib; path = TagItemCell.xib; sourceTree = "<group>"; };
		9352D9E721CFFED00031FF15 /* TagItem.swift */ = {isa = PBXFileReference; lastKnownFileType = sourcecode.swift; path = TagItem.swift; sourceTree = "<group>"; };
		9352D9E921D0018E0031FF15 /* BindableType.swift */ = {isa = PBXFileReference; lastKnownFileType = sourcecode.swift; path = BindableType.swift; sourceTree = "<group>"; };
		938CEC2321CE5B940035B80A /* Retriever.app */ = {isa = PBXFileReference; explicitFileType = wrapper.application; includeInIndex = 0; path = Retriever.app; sourceTree = BUILT_PRODUCTS_DIR; };
		938CEC2621CE5B940035B80A /* AppDelegate.swift */ = {isa = PBXFileReference; lastKnownFileType = sourcecode.swift; path = AppDelegate.swift; sourceTree = "<group>"; };
		938CEC2A21CE5B950035B80A /* Assets.xcassets */ = {isa = PBXFileReference; lastKnownFileType = folder.assetcatalog; path = Assets.xcassets; sourceTree = "<group>"; };
		938CEC2F21CE5B950035B80A /* Info.plist */ = {isa = PBXFileReference; lastKnownFileType = text.plist.xml; path = Info.plist; sourceTree = "<group>"; };
		938CEC3021CE5B950035B80A /* Retriever.entitlements */ = {isa = PBXFileReference; lastKnownFileType = text.plist.entitlements; path = Retriever.entitlements; sourceTree = "<group>"; };
		938CEC3721CE5E790035B80A /* RxSwift.framework */ = {isa = PBXFileReference; lastKnownFileType = wrapper.framework; name = RxSwift.framework; path = Carthage/Build/Mac/RxSwift.framework; sourceTree = "<group>"; };
		938CEC3921CE5E840035B80A /* RxCocoa.framework */ = {isa = PBXFileReference; lastKnownFileType = wrapper.framework; name = RxCocoa.framework; path = Carthage/Build/Mac/RxCocoa.framework; sourceTree = "<group>"; };
		938CEC3C21CE5FFE0035B80A /* RxAtomic.framework */ = {isa = PBXFileReference; lastKnownFileType = wrapper.framework; name = RxAtomic.framework; path = Carthage/Build/Mac/RxAtomic.framework; sourceTree = "<group>"; };
		938CEC3F21CE634A0035B80A /* RootViewController.swift */ = {isa = PBXFileReference; lastKnownFileType = sourcecode.swift; path = RootViewController.swift; sourceTree = "<group>"; };
		938CEC4121CE63510035B80A /* RootViewModel.swift */ = {isa = PBXFileReference; lastKnownFileType = sourcecode.swift; path = RootViewModel.swift; sourceTree = "<group>"; };
		938CEC4321CE638B0035B80A /* Root.storyboard */ = {isa = PBXFileReference; lastKnownFileType = file.storyboard; path = Root.storyboard; sourceTree = "<group>"; };
		938CEC4821CE89660035B80A /* IocContainer.swift */ = {isa = PBXFileReference; lastKnownFileType = sourcecode.swift; path = IocContainer.swift; sourceTree = "<group>"; };
		938CEC4B21CEB01D0035B80A /* NSColor+Extension.swift */ = {isa = PBXFileReference; lastKnownFileType = sourcecode.swift; path = "NSColor+Extension.swift"; sourceTree = "<group>"; };
		938CEC4F21CFF0620035B80A /* Home.storyboard */ = {isa = PBXFileReference; lastKnownFileType = file.storyboard; path = Home.storyboard; sourceTree = "<group>"; };
		938CEC5321CFF0790035B80A /* HomeViewController.swift */ = {isa = PBXFileReference; lastKnownFileType = sourcecode.swift; path = HomeViewController.swift; sourceTree = "<group>"; };
		938CEC5521CFF0810035B80A /* HomeViewModel.swift */ = {isa = PBXFileReference; lastKnownFileType = sourcecode.swift; path = HomeViewModel.swift; sourceTree = "<group>"; };
		93B9850021FE15FF004ABFD2 /* FetchTotalLocalWordCountUsecase.swift */ = {isa = PBXFileReference; lastKnownFileType = sourcecode.swift; path = FetchTotalLocalWordCountUsecase.swift; sourceTree = "<group>"; };
		93CE782121EB867E00A54B04 /* Quize.storyboard */ = {isa = PBXFileReference; lastKnownFileType = file.storyboard; path = Quize.storyboard; sourceTree = "<group>"; };
		93CE782321EB877300A54B04 /* QuizeViewController.swift */ = {isa = PBXFileReference; lastKnownFileType = sourcecode.swift; path = QuizeViewController.swift; sourceTree = "<group>"; };
		93CE782521EB87CC00A54B04 /* QuizeViewModel.swift */ = {isa = PBXFileReference; lastKnownFileType = sourcecode.swift; path = QuizeViewModel.swift; sourceTree = "<group>"; };
		93EE701A21D116CB00728013 /* LeftAlignFlowLayout.swift */ = {isa = PBXFileReference; lastKnownFileType = sourcecode.swift; path = LeftAlignFlowLayout.swift; sourceTree = "<group>"; };
		93EE701F21D1272800728013 /* NSFont+Extension.swift */ = {isa = PBXFileReference; lastKnownFileType = sourcecode.swift; path = "NSFont+Extension.swift"; sourceTree = "<group>"; };
		93EE702121D1312A00728013 /* NSView+Extension.swift */ = {isa = PBXFileReference; lastKnownFileType = sourcecode.swift; path = "NSView+Extension.swift"; sourceTree = "<group>"; };
		93EE702321D3440700728013 /* ObservableType+Extension.swift */ = {isa = PBXFileReference; lastKnownFileType = sourcecode.swift; path = "ObservableType+Extension.swift"; sourceTree = "<group>"; };
		93EE702521D354A700728013 /* CloudKit.framework */ = {isa = PBXFileReference; lastKnownFileType = wrapper.framework; name = CloudKit.framework; path = System/Library/Frameworks/CloudKit.framework; sourceTree = SDKROOT; };
		93EE702721D3577F00728013 /* FetchRemoteWordUsecase.swift */ = {isa = PBXFileReference; lastKnownFileType = sourcecode.swift; path = FetchRemoteWordUsecase.swift; sourceTree = "<group>"; };
		93EE702A21D357BE00728013 /* WordItem.swift */ = {isa = PBXFileReference; lastKnownFileType = sourcecode.swift; path = WordItem.swift; sourceTree = "<group>"; };
		93EE702D21D3599300728013 /* WordICloudRepository.swift */ = {isa = PBXFileReference; lastKnownFileType = sourcecode.swift; path = WordICloudRepository.swift; sourceTree = "<group>"; };
		93EE702F21D3867700728013 /* WordItemCell.swift */ = {isa = PBXFileReference; lastKnownFileType = sourcecode.swift; path = WordItemCell.swift; sourceTree = "<group>"; };
		93EE703021D3867700728013 /* WordItemCell.xib */ = {isa = PBXFileReference; lastKnownFileType = file.xib; path = WordItemCell.xib; sourceTree = "<group>"; };
		93EE703321D5336B00728013 /* SaveRemoteWordUsecase.swift */ = {isa = PBXFileReference; lastKnownFileType = sourcecode.swift; path = SaveRemoteWordUsecase.swift; sourceTree = "<group>"; };
		93EE703521D540E000728013 /* WordRepositoryProtocol.swift */ = {isa = PBXFileReference; lastKnownFileType = sourcecode.swift; path = WordRepositoryProtocol.swift; sourceTree = "<group>"; };
/* End PBXFileReference section */

/* Begin PBXFrameworksBuildPhase section */
		938CEC2021CE5B940035B80A /* Frameworks */ = {
			isa = PBXFrameworksBuildPhase;
			buildActionMask = 2147483647;
			files = (
				930FA1E021DF821A00CE24A4 /* Lottie.framework in Frameworks */,
				930FA1B321D9322D00CE24A4 /* Realm.framework in Frameworks */,
				930FA1B121D9321E00CE24A4 /* RealmSwift.framework in Frameworks */,
				938CEC4D21CEB0FD0035B80A /* RxAtomic.framework in Frameworks */,
				93EE702621D354A700728013 /* CloudKit.framework in Frameworks */,
				938CEC3A21CE5E840035B80A /* RxCocoa.framework in Frameworks */,
				938CEC3821CE5E790035B80A /* RxSwift.framework in Frameworks */,
			);
			runOnlyForDeploymentPostprocessing = 0;
		};
/* End PBXFrameworksBuildPhase section */

/* Begin PBXGroup section */
		930FA1AB21D92D9E00CE24A4 /* Database */ = {
			isa = PBXGroup;
			children = (
				930FA1BE21D9F4A400CE24A4 /* RMWordItem */,
				930FA1AE21D92DC300CE24A4 /* Storable.swift */,
				930FA1B421D9323800CE24A4 /* BaseDAO.swift */,
				930FA1B621D9325C00CE24A4 /* RMConfiguration.swift */,
			);
			path = Database;
			sourceTree = "<group>";
		};
		930FA1BE21D9F4A400CE24A4 /* RMWordItem */ = {
			isa = PBXGroup;
			children = (
				930FA1B821D9330E00CE24A4 /* RMWordItem.swift */,
				930FA1BA21D93B8700CE24A4 /* RMWordItemDAO.swift */,
			);
			path = RMWordItem;
			sourceTree = "<group>";
		};
		930FA1E121DF878100CE24A4 /* Resource */ = {
			isa = PBXGroup;
			children = (
				930FA1E221DF879300CE24A4 /* Lottie */,
			);
			path = Resource;
			sourceTree = "<group>";
		};
		930FA1E221DF879300CE24A4 /* Lottie */ = {
			isa = PBXGroup;
			children = (
				930FA1E321DF879F00CE24A4 /* syncing.json */,
			);
			path = Lottie;
			sourceTree = "<group>";
		};
		938CEC1A21CE5B940035B80A = {
			isa = PBXGroup;
			children = (
				938CEC2521CE5B940035B80A /* Retriever */,
				938CEC2421CE5B940035B80A /* Products */,
				938CEC3621CE5E790035B80A /* Frameworks */,
			);
			sourceTree = "<group>";
		};
		938CEC2421CE5B940035B80A /* Products */ = {
			isa = PBXGroup;
			children = (
				938CEC2321CE5B940035B80A /* Retriever.app */,
			);
			name = Products;
			sourceTree = "<group>";
		};
		938CEC2521CE5B940035B80A /* Retriever */ = {
			isa = PBXGroup;
			children = (
				938CEC3E21CE63260035B80A /* Root */,
				938CEC4E21CFF0400035B80A /* Home */,
				93CE782021EB865D00A54B04 /* Quize */,
				938CEC4721CE89350035B80A /* Common */,
				93EE702921D357A500728013 /* Model */,
				93EE702C21D3597500728013 /* Repository */,
				93EE701C21D1182B00728013 /* Usecase */,
				938CEC4A21CEB00D0035B80A /* Extension */,
				93EE701921D1164800728013 /* Util */,
				938CEC2621CE5B940035B80A /* AppDelegate.swift */,
				938CEC2A21CE5B950035B80A /* Assets.xcassets */,
				938CEC2F21CE5B950035B80A /* Info.plist */,
				938CEC3021CE5B950035B80A /* Retriever.entitlements */,
			);
			path = Retriever;
			sourceTree = "<group>";
		};
		938CEC3621CE5E790035B80A /* Frameworks */ = {
			isa = PBXGroup;
			children = (
				930FA1DF21DF821A00CE24A4 /* Lottie.framework */,
				930FA1B221D9322D00CE24A4 /* Realm.framework */,
				930FA1B021D9321E00CE24A4 /* RealmSwift.framework */,
				93EE702521D354A700728013 /* CloudKit.framework */,
				938CEC3C21CE5FFE0035B80A /* RxAtomic.framework */,
				938CEC3921CE5E840035B80A /* RxCocoa.framework */,
				938CEC3721CE5E790035B80A /* RxSwift.framework */,
			);
			name = Frameworks;
			sourceTree = "<group>";
		};
		938CEC3E21CE63260035B80A /* Root */ = {
			isa = PBXGroup;
			children = (
				938CEC4321CE638B0035B80A /* Root.storyboard */,
				938CEC3F21CE634A0035B80A /* RootViewController.swift */,
				938CEC4121CE63510035B80A /* RootViewModel.swift */,
			);
			path = Root;
			sourceTree = "<group>";
		};
		938CEC4721CE89350035B80A /* Common */ = {
			isa = PBXGroup;
			children = (
				930FA1E121DF878100CE24A4 /* Resource */,
				930FA1AB21D92D9E00CE24A4 /* Database */,
				938CEC4821CE89660035B80A /* IocContainer.swift */,
				9352D9E921D0018E0031FF15 /* BindableType.swift */,
			);
			path = Common;
			sourceTree = "<group>";
		};
		938CEC4A21CEB00D0035B80A /* Extension */ = {
			isa = PBXGroup;
			children = (
				938CEC4B21CEB01D0035B80A /* NSColor+Extension.swift */,
				93EE701F21D1272800728013 /* NSFont+Extension.swift */,
				93EE702121D1312A00728013 /* NSView+Extension.swift */,
				93EE702321D3440700728013 /* ObservableType+Extension.swift */,
				930FA1EF21DFD0D500CE24A4 /* Date+Extension.swift */,
			);
			path = Extension;
			sourceTree = "<group>";
		};
		938CEC4E21CFF0400035B80A /* Home */ = {
			isa = PBXGroup;
			children = (
				938CEC4F21CFF0620035B80A /* Home.storyboard */,
				938CEC5321CFF0790035B80A /* HomeViewController.swift */,
				938CEC5521CFF0810035B80A /* HomeViewModel.swift */,
				9352D9E421CFFE460031FF15 /* TagItemCell.xib */,
				9352D9E321CFFE460031FF15 /* TagItemCell.swift */,
				93EE703021D3867700728013 /* WordItemCell.xib */,
				93EE702F21D3867700728013 /* WordItemCell.swift */,
			);
			path = Home;
			sourceTree = "<group>";
		};
		93B984FB21FE157E004ABFD2 /* FetchUsecase */ = {
			isa = PBXGroup;
			children = (
				93EE702721D3577F00728013 /* FetchRemoteWordUsecase.swift */,
				930FA1C021D9FC5200CE24A4 /* FetchLocalWordUsecase.swift */,
				930FA1CC21DB862500CE24A4 /* FetchNumberOfUpdatedWordUsecase.swift */,
				930FA1CE21DB87F100CE24A4 /* FetchNumberOfDeletedWordUsecase.swift */,
				930FA1EB21DFC69A00CE24A4 /* FetchLatestSyncTimeUsecase.swift */,
				9316016E21E2C239004891C3 /* FetchAllLocalTagsUsecase.swift */,
				93B9850021FE15FF004ABFD2 /* FetchTotalLocalWordCountUsecase.swift */,
			);
			path = FetchUsecase;
			sourceTree = "<group>";
		};
		93B984FC21FE1596004ABFD2 /* SaveUsecase */ = {
			isa = PBXGroup;
			children = (
				93EE703321D5336B00728013 /* SaveRemoteWordUsecase.swift */,
				930FA1C621DA7EA900CE24A4 /* SaveLocalWordUsecase.swift */,
			);
			path = SaveUsecase;
			sourceTree = "<group>";
		};
		93B984FD21FE15A4004ABFD2 /* UpdateUsecase */ = {
			isa = PBXGroup;
			children = (
				930FA1ED21DFC6AC00CE24A4 /* UpdateLatestSyncTimeUsecase.swift */,
				930FA1CA21DB4BFB00CE24A4 /* UpdateLocalWordUsecase.swift */,
			);
			path = UpdateUsecase;
			sourceTree = "<group>";
		};
		93B984FE21FE15B2004ABFD2 /* DeleteUsecase */ = {
			isa = PBXGroup;
			children = (
				930FA1C821DA8D3A00CE24A4 /* DeleteLocalWordUsecase.swift */,
			);
			path = DeleteUsecase;
			sourceTree = "<group>";
		};
		93B984FF21FE15BB004ABFD2 /* SyncUsecase */ = {
			isa = PBXGroup;
			children = (
				930FA1BC21D93CC900CE24A4 /* SyncDatabaseUsecase.swift */,
			);
			path = SyncUsecase;
			sourceTree = "<group>";
		};
		93CE782021EB865D00A54B04 /* Quize */ = {
			isa = PBXGroup;
			children = (
				93CE782121EB867E00A54B04 /* Quize.storyboard */,
				93CE782321EB877300A54B04 /* QuizeViewController.swift */,
				93CE782521EB87CC00A54B04 /* QuizeViewModel.swift */,
			);
			path = Quize;
			sourceTree = "<group>";
		};
		93EE701921D1164800728013 /* Util */ = {
			isa = PBXGroup;
			children = (
				93EE701A21D116CB00728013 /* LeftAlignFlowLayout.swift */,
				930FA1C221DA039600CE24A4 /* Reachability.swift */,
				930FA1C421DA03AE00CE24A4 /* RxReachability.swift */,
				930FA1E721DF886C00CE24A4 /* SyncAnimationView.swift */,
			);
			path = Util;
			sourceTree = "<group>";
		};
		93EE701C21D1182B00728013 /* Usecase */ = {
			isa = PBXGroup;
			children = (
				93B984FF21FE15BB004ABFD2 /* SyncUsecase */,
				93B984FE21FE15B2004ABFD2 /* DeleteUsecase */,
				93B984FD21FE15A4004ABFD2 /* UpdateUsecase */,
				93B984FC21FE1596004ABFD2 /* SaveUsecase */,
				93B984FB21FE157E004ABFD2 /* FetchUsecase */,
			);
			path = Usecase;
			sourceTree = "<group>";
		};
		93EE702921D357A500728013 /* Model */ = {
			isa = PBXGroup;
			children = (
				9352D9E721CFFED00031FF15 /* TagItem.swift */,
				93EE702A21D357BE00728013 /* WordItem.swift */,
			);
			path = Model;
			sourceTree = "<group>";
		};
		93EE702C21D3597500728013 /* Repository */ = {
			isa = PBXGroup;
			children = (
				93EE703521D540E000728013 /* WordRepositoryProtocol.swift */,
				93EE702D21D3599300728013 /* WordICloudRepository.swift */,
				932896A321D677BF00C7CE5C /* ICloudWordItem.swift */,
			);
			path = Repository;
			sourceTree = "<group>";
		};
/* End PBXGroup section */

/* Begin PBXNativeTarget section */
		938CEC2221CE5B940035B80A /* Retriever */ = {
			isa = PBXNativeTarget;
			buildConfigurationList = 938CEC3321CE5B950035B80A /* Build configuration list for PBXNativeTarget "Retriever" */;
			buildPhases = (
				938CEC1F21CE5B940035B80A /* Sources */,
				938CEC2021CE5B940035B80A /* Frameworks */,
				938CEC2121CE5B940035B80A /* Resources */,
				938CEC3B21CE5F5D0035B80A /* Carthage */,
			);
			buildRules = (
			);
			dependencies = (
			);
			name = Retriever;
			productName = Retriever;
			productReference = 938CEC2321CE5B940035B80A /* Retriever.app */;
			productType = "com.apple.product-type.application";
		};
/* End PBXNativeTarget section */

/* Begin PBXProject section */
		938CEC1B21CE5B940035B80A /* Project object */ = {
			isa = PBXProject;
			attributes = {
				LastSwiftUpdateCheck = 1010;
				LastUpgradeCheck = 1010;
				ORGANIZATIONNAME = thekan;
				TargetAttributes = {
					938CEC2221CE5B940035B80A = {
						CreatedOnToolsVersion = 10.1;
						SystemCapabilities = {
							com.apple.Push = {
								enabled = 1;
							};
							com.apple.iCloud = {
								enabled = 1;
							};
						};
					};
				};
			};
			buildConfigurationList = 938CEC1E21CE5B940035B80A /* Build configuration list for PBXProject "Retriever" */;
			compatibilityVersion = "Xcode 9.3";
			developmentRegion = en;
			hasScannedForEncodings = 0;
			knownRegions = (
				en,
				Base,
			);
			mainGroup = 938CEC1A21CE5B940035B80A;
			productRefGroup = 938CEC2421CE5B940035B80A /* Products */;
			projectDirPath = "";
			projectRoot = "";
			targets = (
				938CEC2221CE5B940035B80A /* Retriever */,
			);
		};
/* End PBXProject section */

/* Begin PBXResourcesBuildPhase section */
		938CEC2121CE5B940035B80A /* Resources */ = {
			isa = PBXResourcesBuildPhase;
			buildActionMask = 2147483647;
			files = (
				93CE782221EB867E00A54B04 /* Quize.storyboard in Resources */,
				938CEC5021CFF0620035B80A /* Home.storyboard in Resources */,
				938CEC4421CE638B0035B80A /* Root.storyboard in Resources */,
				938CEC2B21CE5B950035B80A /* Assets.xcassets in Resources */,
				9352D9E621CFFE460031FF15 /* TagItemCell.xib in Resources */,
				93EE703221D3867700728013 /* WordItemCell.xib in Resources */,
				930FA1E421DF879F00CE24A4 /* syncing.json in Resources */,
			);
			runOnlyForDeploymentPostprocessing = 0;
		};
/* End PBXResourcesBuildPhase section */

/* Begin PBXShellScriptBuildPhase section */
		938CEC3B21CE5F5D0035B80A /* Carthage */ = {
			isa = PBXShellScriptBuildPhase;
			buildActionMask = 2147483647;
			files = (
			);
			inputFileListPaths = (
			);
			inputPaths = (
				"$(SRCROOT)/Carthage/Build/Mac/RxSwift.framework",
				"$(SRCROOT)/Carthage/Build/Mac/RxCocoa.framework",
				"$(SRCROOT)/Carthage/Build/Mac/RxAtomic.framework",
				"$(SRCROOT)/Carthage/Build/Mac/RealmSwift.framework",
				"$(SRCROOT)/Carthage/Build/Mac/Realm.framework",
				"$(SRCROOT)/Carthage/Build/Mac/Lottie.framework",
			);
			name = Carthage;
			outputFileListPaths = (
			);
			outputPaths = (
			);
			runOnlyForDeploymentPostprocessing = 0;
			shellPath = /bin/sh;
			shellScript = "# Type a script or drag a script file from your workspace to insert its path.\n/usr/local/bin/carthage copy-frameworks\n";
		};
/* End PBXShellScriptBuildPhase section */

/* Begin PBXSourcesBuildPhase section */
		938CEC1F21CE5B940035B80A /* Sources */ = {
			isa = PBXSourcesBuildPhase;
			buildActionMask = 2147483647;
			files = (
				930FA1AF21D92DC300CE24A4 /* Storable.swift in Sources */,
				930FA1B521D9323800CE24A4 /* BaseDAO.swift in Sources */,
				930FA1C521DA03AE00CE24A4 /* RxReachability.swift in Sources */,
				93EE702821D3577F00728013 /* FetchRemoteWordUsecase.swift in Sources */,
				938CEC2721CE5B940035B80A /* AppDelegate.swift in Sources */,
				93EE702421D3440700728013 /* ObservableType+Extension.swift in Sources */,
				930FA1C921DA8D3A00CE24A4 /* DeleteLocalWordUsecase.swift in Sources */,
				938CEC4021CE634A0035B80A /* RootViewController.swift in Sources */,
				93EE702B21D357BE00728013 /* WordItem.swift in Sources */,
				93EE701B21D116CB00728013 /* LeftAlignFlowLayout.swift in Sources */,
				93EE703121D3867700728013 /* WordItemCell.swift in Sources */,
				930FA1F021DFD0D500CE24A4 /* Date+Extension.swift in Sources */,
				930FA1C721DA7EA900CE24A4 /* SaveLocalWordUsecase.swift in Sources */,
				93EE702021D1272800728013 /* NSFont+Extension.swift in Sources */,
				930FA1C121D9FC5200CE24A4 /* FetchLocalWordUsecase.swift in Sources */,
				9316016F21E2C239004891C3 /* FetchAllLocalTagsUsecase.swift in Sources */,
				9352D9E821CFFED00031FF15 /* TagItem.swift in Sources */,
				93CE782621EB87CC00A54B04 /* QuizeViewModel.swift in Sources */,
				938CEC5621CFF0810035B80A /* HomeViewModel.swift in Sources */,
				93CE782421EB877300A54B04 /* QuizeViewController.swift in Sources */,
				93EE702221D1312A00728013 /* NSView+Extension.swift in Sources */,
				930FA1CB21DB4BFB00CE24A4 /* UpdateLocalWordUsecase.swift in Sources */,
				930FA1CD21DB862500CE24A4 /* FetchNumberOfUpdatedWordUsecase.swift in Sources */,
				930FA1EC21DFC69A00CE24A4 /* FetchLatestSyncTimeUsecase.swift in Sources */,
				93EE702E21D3599300728013 /* WordICloudRepository.swift in Sources */,
				9352D9EA21D0018E0031FF15 /* BindableType.swift in Sources */,
				938CEC4C21CEB01D0035B80A /* NSColor+Extension.swift in Sources */,
				930FA1B721D9325C00CE24A4 /* RMConfiguration.swift in Sources */,
				938CEC4921CE89660035B80A /* IocContainer.swift in Sources */,
				930FA1EE21DFC6AC00CE24A4 /* UpdateLatestSyncTimeUsecase.swift in Sources */,
				93EE703421D5336B00728013 /* SaveRemoteWordUsecase.swift in Sources */,
				932896A421D677BF00C7CE5C /* ICloudWordItem.swift in Sources */,
				93EE703621D540E000728013 /* WordRepositoryProtocol.swift in Sources */,
				930FA1BB21D93B8700CE24A4 /* RMWordItemDAO.swift in Sources */,
				938CEC4221CE63510035B80A /* RootViewModel.swift in Sources */,
				930FA1CF21DB87F100CE24A4 /* FetchNumberOfDeletedWordUsecase.swift in Sources */,
				930FA1BD21D93CC900CE24A4 /* SyncDatabaseUsecase.swift in Sources */,
				938CEC5421CFF0790035B80A /* HomeViewController.swift in Sources */,
				930FA1B921D9330E00CE24A4 /* RMWordItem.swift in Sources */,
				93B9850121FE15FF004ABFD2 /* FetchTotalLocalWordCountUsecase.swift in Sources */,
				9352D9E521CFFE460031FF15 /* TagItemCell.swift in Sources */,
				930FA1E821DF886C00CE24A4 /* SyncAnimationView.swift in Sources */,
				930FA1C321DA039600CE24A4 /* Reachability.swift in Sources */,
			);
			runOnlyForDeploymentPostprocessing = 0;
		};
/* End PBXSourcesBuildPhase section */

/* Begin XCBuildConfiguration section */
		938CEC3121CE5B950035B80A /* Debug */ = {
			isa = XCBuildConfiguration;
			buildSettings = {
				ALWAYS_SEARCH_USER_PATHS = NO;
				CLANG_ANALYZER_NONNULL = YES;
				CLANG_ANALYZER_NUMBER_OBJECT_CONVERSION = YES_AGGRESSIVE;
				CLANG_CXX_LANGUAGE_STANDARD = "gnu++14";
				CLANG_CXX_LIBRARY = "libc++";
				CLANG_ENABLE_MODULES = YES;
				CLANG_ENABLE_OBJC_ARC = YES;
				CLANG_ENABLE_OBJC_WEAK = YES;
				CLANG_WARN_BLOCK_CAPTURE_AUTORELEASING = YES;
				CLANG_WARN_BOOL_CONVERSION = YES;
				CLANG_WARN_COMMA = YES;
				CLANG_WARN_CONSTANT_CONVERSION = YES;
				CLANG_WARN_DEPRECATED_OBJC_IMPLEMENTATIONS = YES;
				CLANG_WARN_DIRECT_OBJC_ISA_USAGE = YES_ERROR;
				CLANG_WARN_DOCUMENTATION_COMMENTS = YES;
				CLANG_WARN_EMPTY_BODY = YES;
				CLANG_WARN_ENUM_CONVERSION = YES;
				CLANG_WARN_INFINITE_RECURSION = YES;
				CLANG_WARN_INT_CONVERSION = YES;
				CLANG_WARN_NON_LITERAL_NULL_CONVERSION = YES;
				CLANG_WARN_OBJC_IMPLICIT_RETAIN_SELF = YES;
				CLANG_WARN_OBJC_LITERAL_CONVERSION = YES;
				CLANG_WARN_OBJC_ROOT_CLASS = YES_ERROR;
				CLANG_WARN_RANGE_LOOP_ANALYSIS = YES;
				CLANG_WARN_STRICT_PROTOTYPES = YES;
				CLANG_WARN_SUSPICIOUS_MOVE = YES;
				CLANG_WARN_UNGUARDED_AVAILABILITY = YES_AGGRESSIVE;
				CLANG_WARN_UNREACHABLE_CODE = YES;
				CLANG_WARN__DUPLICATE_METHOD_MATCH = YES;
				CODE_SIGN_IDENTITY = "Mac Developer";
				COPY_PHASE_STRIP = NO;
				DEBUG_INFORMATION_FORMAT = dwarf;
				ENABLE_STRICT_OBJC_MSGSEND = YES;
				ENABLE_TESTABILITY = YES;
				GCC_C_LANGUAGE_STANDARD = gnu11;
				GCC_DYNAMIC_NO_PIC = NO;
				GCC_NO_COMMON_BLOCKS = YES;
				GCC_OPTIMIZATION_LEVEL = 0;
				GCC_PREPROCESSOR_DEFINITIONS = (
					"DEBUG=1",
					"$(inherited)",
				);
				GCC_WARN_64_TO_32_BIT_CONVERSION = YES;
				GCC_WARN_ABOUT_RETURN_TYPE = YES_ERROR;
				GCC_WARN_UNDECLARED_SELECTOR = YES;
				GCC_WARN_UNINITIALIZED_AUTOS = YES_AGGRESSIVE;
				GCC_WARN_UNUSED_FUNCTION = YES;
				GCC_WARN_UNUSED_VARIABLE = YES;
				MACOSX_DEPLOYMENT_TARGET = 10.14;
				MTL_ENABLE_DEBUG_INFO = INCLUDE_SOURCE;
				MTL_FAST_MATH = YES;
				ONLY_ACTIVE_ARCH = YES;
				SDKROOT = macosx;
				SWIFT_ACTIVE_COMPILATION_CONDITIONS = DEBUG;
				SWIFT_OPTIMIZATION_LEVEL = "-Onone";
			};
			name = Debug;
		};
		938CEC3221CE5B950035B80A /* Release */ = {
			isa = XCBuildConfiguration;
			buildSettings = {
				ALWAYS_SEARCH_USER_PATHS = NO;
				CLANG_ANALYZER_NONNULL = YES;
				CLANG_ANALYZER_NUMBER_OBJECT_CONVERSION = YES_AGGRESSIVE;
				CLANG_CXX_LANGUAGE_STANDARD = "gnu++14";
				CLANG_CXX_LIBRARY = "libc++";
				CLANG_ENABLE_MODULES = YES;
				CLANG_ENABLE_OBJC_ARC = YES;
				CLANG_ENABLE_OBJC_WEAK = YES;
				CLANG_WARN_BLOCK_CAPTURE_AUTORELEASING = YES;
				CLANG_WARN_BOOL_CONVERSION = YES;
				CLANG_WARN_COMMA = YES;
				CLANG_WARN_CONSTANT_CONVERSION = YES;
				CLANG_WARN_DEPRECATED_OBJC_IMPLEMENTATIONS = YES;
				CLANG_WARN_DIRECT_OBJC_ISA_USAGE = YES_ERROR;
				CLANG_WARN_DOCUMENTATION_COMMENTS = YES;
				CLANG_WARN_EMPTY_BODY = YES;
				CLANG_WARN_ENUM_CONVERSION = YES;
				CLANG_WARN_INFINITE_RECURSION = YES;
				CLANG_WARN_INT_CONVERSION = YES;
				CLANG_WARN_NON_LITERAL_NULL_CONVERSION = YES;
				CLANG_WARN_OBJC_IMPLICIT_RETAIN_SELF = YES;
				CLANG_WARN_OBJC_LITERAL_CONVERSION = YES;
				CLANG_WARN_OBJC_ROOT_CLASS = YES_ERROR;
				CLANG_WARN_RANGE_LOOP_ANALYSIS = YES;
				CLANG_WARN_STRICT_PROTOTYPES = YES;
				CLANG_WARN_SUSPICIOUS_MOVE = YES;
				CLANG_WARN_UNGUARDED_AVAILABILITY = YES_AGGRESSIVE;
				CLANG_WARN_UNREACHABLE_CODE = YES;
				CLANG_WARN__DUPLICATE_METHOD_MATCH = YES;
				CODE_SIGN_IDENTITY = "Mac Developer";
				COPY_PHASE_STRIP = NO;
				DEBUG_INFORMATION_FORMAT = "dwarf-with-dsym";
				ENABLE_NS_ASSERTIONS = NO;
				ENABLE_STRICT_OBJC_MSGSEND = YES;
				GCC_C_LANGUAGE_STANDARD = gnu11;
				GCC_NO_COMMON_BLOCKS = YES;
				GCC_WARN_64_TO_32_BIT_CONVERSION = YES;
				GCC_WARN_ABOUT_RETURN_TYPE = YES_ERROR;
				GCC_WARN_UNDECLARED_SELECTOR = YES;
				GCC_WARN_UNINITIALIZED_AUTOS = YES_AGGRESSIVE;
				GCC_WARN_UNUSED_FUNCTION = YES;
				GCC_WARN_UNUSED_VARIABLE = YES;
				MACOSX_DEPLOYMENT_TARGET = 10.14;
				MTL_ENABLE_DEBUG_INFO = NO;
				MTL_FAST_MATH = YES;
				SDKROOT = macosx;
				SWIFT_COMPILATION_MODE = wholemodule;
				SWIFT_OPTIMIZATION_LEVEL = "-O";
			};
			name = Release;
		};
		938CEC3421CE5B950035B80A /* Debug */ = {
			isa = XCBuildConfiguration;
			buildSettings = {
				ASSETCATALOG_COMPILER_APPICON_NAME = AppIcon;
				CODE_SIGN_ENTITLEMENTS = Retriever/Retriever.entitlements;
				CODE_SIGN_STYLE = Automatic;
				COMBINE_HIDPI_IMAGES = YES;
				DEVELOPMENT_TEAM = LUER35A27W;
				FRAMEWORK_SEARCH_PATHS = (
					"$(inherited)",
					"$(PROJECT_DIR)/Carthage/Build/Mac",
				);
				INFOPLIST_FILE = Retriever/Info.plist;
				LD_RUNPATH_SEARCH_PATHS = (
					"$(inherited)",
					"@executable_path/../Frameworks",
				);
				PRODUCT_BUNDLE_IDENTIFIER = thekan.com.Retriever;
				PRODUCT_NAME = "$(TARGET_NAME)";
				SWIFT_VERSION = 4.2;
			};
			name = Debug;
		};
		938CEC3521CE5B950035B80A /* Release */ = {
			isa = XCBuildConfiguration;
			buildSettings = {
				ASSETCATALOG_COMPILER_APPICON_NAME = AppIcon;
				CODE_SIGN_ENTITLEMENTS = Retriever/Retriever.entitlements;
				CODE_SIGN_STYLE = Automatic;
				COMBINE_HIDPI_IMAGES = YES;
				DEVELOPMENT_TEAM = LUER35A27W;
				FRAMEWORK_SEARCH_PATHS = (
					"$(inherited)",
					"$(PROJECT_DIR)/Carthage/Build/Mac",
				);
				INFOPLIST_FILE = Retriever/Info.plist;
				LD_RUNPATH_SEARCH_PATHS = (
					"$(inherited)",
					"@executable_path/../Frameworks",
				);
				PRODUCT_BUNDLE_IDENTIFIER = thekan.com.Retriever;
				PRODUCT_NAME = "$(TARGET_NAME)";
				SWIFT_VERSION = 4.2;
			};
			name = Release;
		};
/* End XCBuildConfiguration section */

/* Begin XCConfigurationList section */
		938CEC1E21CE5B940035B80A /* Build configuration list for PBXProject "Retriever" */ = {
			isa = XCConfigurationList;
			buildConfigurations = (
				938CEC3121CE5B950035B80A /* Debug */,
				938CEC3221CE5B950035B80A /* Release */,
			);
			defaultConfigurationIsVisible = 0;
			defaultConfigurationName = Release;
		};
		938CEC3321CE5B950035B80A /* Build configuration list for PBXNativeTarget "Retriever" */ = {
			isa = XCConfigurationList;
			buildConfigurations = (
				938CEC3421CE5B950035B80A /* Debug */,
				938CEC3521CE5B950035B80A /* Release */,
			);
			defaultConfigurationIsVisible = 0;
			defaultConfigurationName = Release;
		};
/* End XCConfigurationList section */
	};
	rootObject = 938CEC1B21CE5B940035B80A /* Project object */;
}
